
Microsoft Visual Studio Solution File, Format Version 12.00
# Visual Studio Version 17
VisualStudioVersion = 17.0.31903.59
MinimumVisualStudioVersion = 10.0.40219.1
Project("{9A19103F-16F7-4668-BE54-9A1E7A4F7556}") = "Tyuiu.DyakovMS.Sprint4.Task0.V7.Lib", "Tyuiu.DyakovMS.Sprint4.Task0.V7.Lib\Tyuiu.DyakovMS.Sprint4.Task0.V7.Lib.csproj", "{3D919DE2-D094-472F-8B52-C9BACD32C634}"
EndProject
Project("{9A19103F-16F7-4668-BE54-9A1E7A4F7556}") = "Tyuiu.DyakovMS.Sprint4.Task0.V7", "Tyuiu.DyakovMS.Sprint4.Task0.V7\Tyuiu.DyakovMS.Sprint4.Task0.V7.csproj", "{F9186AA7-49D9-4D13-ACC6-489D0C4AB2F0}"
EndProject
Project("{9A19103F-16F7-4668-BE54-9A1E7A4F7556}") = "Tyuiu.DyakovMS.Sprint4.Task0.V7.Test", "Tyuiu.DyakovMS.Sprint4.Task0.V7.Test\Tyuiu.DyakovMS.Sprint4.Task0.V7.Test.csproj", "{AA110D43-52BB-4A20-B8E0-F4DB90DD8C4D}"
EndProject
Project("{2150E333-8FDC-42A3-9474-1A3956D46DE8}") = "Task0", "Task0", "{D0E7772E-1502-43F0-BBC2-43672D61E19F}"
EndProject
Project("{9A19103F-16F7-4668-BE54-9A1E7A4F7556}") = "Tyuiu.DyakovMS.Sprint4.Task1.V6.Lib", "Tyuiu.DyakovMS.Sprint4.Task1.V6.Lib\Tyuiu.DyakovMS.Sprint4.Task1.V6.Lib.csproj", "{6C56E050-14A9-429A-A704-35441CE3F0ED}"
EndProject
Project("{9A19103F-16F7-4668-BE54-9A1E7A4F7556}") = "Tyuiu.DyakovMS.Sprint4.Task1.V6", "Tyuiu.DyakovMS.Sprint4.Task1.V6\Tyuiu.DyakovMS.Sprint4.Task1.V6.csproj", "{C5FA4AC4-73A5-40F2-B0AE-258E8DDB6925}"
EndProject
Project("{9A19103F-16F7-4668-BE54-9A1E7A4F7556}") = "Tyuiu.DyakovMS.Sprint4.Task1.V6.Test", "Tyuiu.DyakovMS.Sprint4.Task1.V6.Test\Tyuiu.DyakovMS.Sprint4.Task1.V6.Test.csproj", "{4845C394-F46F-4521-97E2-F5D7D805824D}"
EndProject
Project("{2150E333-8FDC-42A3-9474-1A3956D46DE8}") = "Task1", "Task1", "{0BAC5BCC-0D9B-484E-AFFD-34ABA877B8DB}"
EndProject
Project("{9A19103F-16F7-4668-BE54-9A1E7A4F7556}") = "Tyuiu.DyakovMS.Sprint4.Task2.V25.Lib", "Tyuiu.DyakovMS.Sprint4.Task2.V25.Lib\Tyuiu.DyakovMS.Sprint4.Task2.V25.Lib.csproj", "{CBEF03F9-849E-4AF3-BEB2-A4BA1B81EFE0}"
EndProject
Project("{9A19103F-16F7-4668-BE54-9A1E7A4F7556}") = "Tyuiu.DyakovMS.Sprint4.Task2.V25", "Tyuiu.DyakovMS.Sprint4.Task2.V25\Tyuiu.DyakovMS.Sprint4.Task2.V25.csproj", "{92366975-12E6-4F6E-B226-28F99240FA60}"
EndProject
Project("{9A19103F-16F7-4668-BE54-9A1E7A4F7556}") = "Tyuiu.DyakovMS.Sprint4.Task2.V25.Test", "Tyuiu.DyakovMS.Sprint4.Task2.V25.Test\Tyuiu.DyakovMS.Sprint4.Task2.V25.Test.csproj", "{5310583F-5B37-45BC-ADE6-B4565BD4F5F6}"
EndProject
Project("{2150E333-8FDC-42A3-9474-1A3956D46DE8}") = "Task2", "Task2", "{8E92B287-E90E-4BC6-9BB5-6DCA5B26A38E}"
EndProject
Project("{9A19103F-16F7-4668-BE54-9A1E7A4F7556}") = "Tyuiu.DyakovMS.Sprint4.Task3.V23.Lib", "Tyuiu.DyakovMS.Sprint4.Task3.V23.Lib\Tyuiu.DyakovMS.Sprint4.Task3.V23.Lib.csproj", "{19B6EEAF-6A39-42CB-8A4A-67A29A85DCC6}"
EndProject
Project("{9A19103F-16F7-4668-BE54-9A1E7A4F7556}") = "Tyuiu.DyakovMS.Sprint4.Task3.V23", "Tyuiu.DyakovMS.Sprint4.Task3.V23\Tyuiu.DyakovMS.Sprint4.Task3.V23.csproj", "{BB2E096F-830D-45E8-A273-A1078E9104B6}"
EndProject
Project("{9A19103F-16F7-4668-BE54-9A1E7A4F7556}") = "Tyuiu.DyakovMS.Sprint4.Task3.V23.Test", "Tyuiu.DyakovMS.Sprint4.Task3.V23.Test\Tyuiu.DyakovMS.Sprint4.Task3.V23.Test.csproj", "{1500BC17-48C9-4DC1-B2D1-ED4A39502E0A}"
EndProject
Project("{2150E333-8FDC-42A3-9474-1A3956D46DE8}") = "Task3", "Task3", "{59738C20-A0B4-41CE-AC6C-4C77636F8F86}"
EndProject
Global
	GlobalSection(SolutionConfigurationPlatforms) = preSolution
		Debug|Any CPU = Debug|Any CPU
		Release|Any CPU = Release|Any CPU
	EndGlobalSection
	GlobalSection(ProjectConfigurationPlatforms) = postSolution
		{3D919DE2-D094-472F-8B52-C9BACD32C634}.Debug|Any CPU.ActiveCfg = Debug|Any CPU
		{3D919DE2-D094-472F-8B52-C9BACD32C634}.Debug|Any CPU.Build.0 = Debug|Any CPU
		{3D919DE2-D094-472F-8B52-C9BACD32C634}.Release|Any CPU.ActiveCfg = Release|Any CPU
		{3D919DE2-D094-472F-8B52-C9BACD32C634}.Release|Any CPU.Build.0 = Release|Any CPU
		{F9186AA7-49D9-4D13-ACC6-489D0C4AB2F0}.Debug|Any CPU.ActiveCfg = Debug|Any CPU
		{F9186AA7-49D9-4D13-ACC6-489D0C4AB2F0}.Debug|Any CPU.Build.0 = Debug|Any CPU
		{F9186AA7-49D9-4D13-ACC6-489D0C4AB2F0}.Release|Any CPU.ActiveCfg = Release|Any CPU
		{F9186AA7-49D9-4D13-ACC6-489D0C4AB2F0}.Release|Any CPU.Build.0 = Release|Any CPU
		{AA110D43-52BB-4A20-B8E0-F4DB90DD8C4D}.Debug|Any CPU.ActiveCfg = Debug|Any CPU
		{AA110D43-52BB-4A20-B8E0-F4DB90DD8C4D}.Debug|Any CPU.Build.0 = Debug|Any CPU
		{AA110D43-52BB-4A20-B8E0-F4DB90DD8C4D}.Release|Any CPU.ActiveCfg = Release|Any CPU
		{AA110D43-52BB-4A20-B8E0-F4DB90DD8C4D}.Release|Any CPU.Build.0 = Release|Any CPU
		{6C56E050-14A9-429A-A704-35441CE3F0ED}.Debug|Any CPU.ActiveCfg = Debug|Any CPU
		{6C56E050-14A9-429A-A704-35441CE3F0ED}.Debug|Any CPU.Build.0 = Debug|Any CPU
		{6C56E050-14A9-429A-A704-35441CE3F0ED}.Release|Any CPU.ActiveCfg = Release|Any CPU
		{6C56E050-14A9-429A-A704-35441CE3F0ED}.Release|Any CPU.Build.0 = Release|Any CPU
		{C5FA4AC4-73A5-40F2-B0AE-258E8DDB6925}.Debug|Any CPU.ActiveCfg = Debug|Any CPU
		{C5FA4AC4-73A5-40F2-B0AE-258E8DDB6925}.Debug|Any CPU.Build.0 = Debug|Any CPU
		{C5FA4AC4-73A5-40F2-B0AE-258E8DDB6925}.Release|Any CPU.ActiveCfg = Release|Any CPU
		{C5FA4AC4-73A5-40F2-B0AE-258E8DDB6925}.Release|Any CPU.Build.0 = Release|Any CPU
		{4845C394-F46F-4521-97E2-F5D7D805824D}.Debug|Any CPU.ActiveCfg = Debug|Any CPU
		{4845C394-F46F-4521-97E2-F5D7D805824D}.Debug|Any CPU.Build.0 = Debug|Any CPU
		{4845C394-F46F-4521-97E2-F5D7D805824D}.Release|Any CPU.ActiveCfg = Release|Any CPU
		{4845C394-F46F-4521-97E2-F5D7D805824D}.Release|Any CPU.Build.0 = Release|Any CPU
		{CBEF03F9-849E-4AF3-BEB2-A4BA1B81EFE0}.Debug|Any CPU.ActiveCfg = Debug|Any CPU
		{CBEF03F9-849E-4AF3-BEB2-A4BA1B81EFE0}.Debug|Any CPU.Build.0 = Debug|Any CPU
		{CBEF03F9-849E-4AF3-BEB2-A4BA1B81EFE0}.Release|Any CPU.ActiveCfg = Release|Any CPU
		{CBEF03F9-849E-4AF3-BEB2-A4BA1B81EFE0}.Release|Any CPU.Build.0 = Release|Any CPU
		{92366975-12E6-4F6E-B226-28F99240FA60}.Debug|Any CPU.ActiveCfg = Debug|Any CPU
		{92366975-12E6-4F6E-B226-28F99240FA60}.Debug|Any CPU.Build.0 = Debug|Any CPU
		{92366975-12E6-4F6E-B226-28F99240FA60}.Release|Any CPU.ActiveCfg = Release|Any CPU
		{92366975-12E6-4F6E-B226-28F99240FA60}.Release|Any CPU.Build.0 = Release|Any CPU
		{5310583F-5B37-45BC-ADE6-B4565BD4F5F6}.Debug|Any CPU.ActiveCfg = Debug|Any CPU
		{5310583F-5B37-45BC-ADE6-B4565BD4F5F6}.Debug|Any CPU.Build.0 = Debug|Any CPU
		{5310583F-5B37-45BC-ADE6-B4565BD4F5F6}.Release|Any CPU.ActiveCfg = Release|Any CPU
		{5310583F-5B37-45BC-ADE6-B4565BD4F5F6}.Release|Any CPU.Build.0 = Release|Any CPU
		{19B6EEAF-6A39-42CB-8A4A-67A29A85DCC6}.Debug|Any CPU.ActiveCfg = Debug|Any CPU
		{19B6EEAF-6A39-42CB-8A4A-67A29A85DCC6}.Debug|Any CPU.Build.0 = Debug|Any CPU
		{19B6EEAF-6A39-42CB-8A4A-67A29A85DCC6}.Release|Any CPU.ActiveCfg = Release|Any CPU
		{19B6EEAF-6A39-42CB-8A4A-67A29A85DCC6}.Release|Any CPU.Build.0 = Release|Any CPU
		{BB2E096F-830D-45E8-A273-A1078E9104B6}.Debug|Any CPU.ActiveCfg = Debug|Any CPU
		{BB2E096F-830D-45E8-A273-A1078E9104B6}.Debug|Any CPU.Build.0 = Debug|Any CPU
		{BB2E096F-830D-45E8-A273-A1078E9104B6}.Release|Any CPU.ActiveCfg = Release|Any CPU
		{BB2E096F-830D-45E8-A273-A1078E9104B6}.Release|Any CPU.Build.0 = Release|Any CPU
		{1500BC17-48C9-4DC1-B2D1-ED4A39502E0A}.Debug|Any CPU.ActiveCfg = Debug|Any CPU
		{1500BC17-48C9-4DC1-B2D1-ED4A39502E0A}.Debug|Any CPU.Build.0 = Debug|Any CPU
		{1500BC17-48C9-4DC1-B2D1-ED4A39502E0A}.Release|Any CPU.ActiveCfg = Release|Any CPU
		{1500BC17-48C9-4DC1-B2D1-ED4A39502E0A}.Release|Any CPU.Build.0 = Release|Any CPU
	EndGlobalSection
	GlobalSection(SolutionProperties) = preSolution
		HideSolutionNode = FALSE
	EndGlobalSection
	GlobalSection(NestedProjects) = preSolution
		{3D919DE2-D094-472F-8B52-C9BACD32C634} = {D0E7772E-1502-43F0-BBC2-43672D61E19F}
		{F9186AA7-49D9-4D13-ACC6-489D0C4AB2F0} = {D0E7772E-1502-43F0-BBC2-43672D61E19F}
		{AA110D43-52BB-4A20-B8E0-F4DB90DD8C4D} = {D0E7772E-1502-43F0-BBC2-43672D61E19F}
		{6C56E050-14A9-429A-A704-35441CE3F0ED} = {0BAC5BCC-0D9B-484E-AFFD-34ABA877B8DB}
		{C5FA4AC4-73A5-40F2-B0AE-258E8DDB6925} = {0BAC5BCC-0D9B-484E-AFFD-34ABA877B8DB}
		{4845C394-F46F-4521-97E2-F5D7D805824D} = {0BAC5BCC-0D9B-484E-AFFD-34ABA877B8DB}
		{CBEF03F9-849E-4AF3-BEB2-A4BA1B81EFE0} = {8E92B287-E90E-4BC6-9BB5-6DCA5B26A38E}
		{92366975-12E6-4F6E-B226-28F99240FA60} = {8E92B287-E90E-4BC6-9BB5-6DCA5B26A38E}
		{5310583F-5B37-45BC-ADE6-B4565BD4F5F6} = {8E92B287-E90E-4BC6-9BB5-6DCA5B26A38E}
		{19B6EEAF-6A39-42CB-8A4A-67A29A85DCC6} = {59738C20-A0B4-41CE-AC6C-4C77636F8F86}
		{BB2E096F-830D-45E8-A273-A1078E9104B6} = {59738C20-A0B4-41CE-AC6C-4C77636F8F86}
		{1500BC17-48C9-4DC1-B2D1-ED4A39502E0A} = {59738C20-A0B4-41CE-AC6C-4C77636F8F86}
	EndGlobalSection
	GlobalSection(ExtensibilityGlobals) = postSolution
		SolutionGuid = {13A8119B-5C32-4BD5-89A1-BE6F09ABBA97}
	EndGlobalSection
EndGlobal
